
Microsoft Visual Studio Solution File, Format Version 12.00
# Visual Studio Version 16
VisualStudioVersion = 16.0.30907.101
MinimumVisualStudioVersion = 10.0.40219.1
Project("{FAE04EC0-301F-11D3-BF4B-00C04F79EFBC}") = "ClassMetotDemo", "ClassMetotDemo\ClassMetotDemo.csproj", "{7F272A16-F1BE-4E01-AE0F-AE0A368E998E}"
EndProject
Global
	GlobalSection(SolutionConfigurationPlatforms) = preSolution
		Debug|Any CPU = Debug|Any CPU
		Release|Any CPU = Release|Any CPU
	EndGlobalSection
	GlobalSection(ProjectConfigurationPlatforms) = postSolution
		{7F272A16-F1BE-4E01-AE0F-AE0A368E998E}.Debug|Any CPU.ActiveCfg = Debug|Any CPU
		{7F272A16-F1BE-4E01-AE0F-AE0A368E998E}.Debug|Any CPU.Build.0 = Debug|Any CPU
		{7F272A16-F1BE-4E01-AE0F-AE0A368E998E}.Release|Any CPU.ActiveCfg = Release|Any CPU
		{7F272A16-F1BE-4E01-AE0F-AE0A368E998E}.Release|Any CPU.Build.0 = Release|Any CPU
	EndGlobalSection
	GlobalSection(SolutionProperties) = preSolution
		HideSolutionNode = FALSE
	EndGlobalSection
	GlobalSection(ExtensibilityGlobals) = postSolution
		SolutionGuid = {4BE3BFA3-27B1-41DC-9F38-99DBD1731CD9}
	EndGlobalSection
EndGlobal
